
Microsoft Visual Studio Solution File, Format Version 12.00
# Visual Studio Version 17
VisualStudioVersion = 17.4.33103.184
MinimumVisualStudioVersion = 10.0.40219.1
Project("{9A19103F-16F7-4668-BE54-9A1E7A4F7556}") = "CleanArchMvc.Domain", "CleanArchMvc.Domain\CleanArchMvc.Domain.csproj", "{942D34A4-9F91-444F-9152-3D5389435A80}"
EndProject
Project("{9A19103F-16F7-4668-BE54-9A1E7A4F7556}") = "CleanArchMvc.Application", "CleanArchMvc.Application\CleanArchMvc.Application.csproj", "{214798B1-F182-4449-B9A5-DCE2021A8E92}"
EndProject
Project("{9A19103F-16F7-4668-BE54-9A1E7A4F7556}") = "CleanArchMvc.Infra.Data", "CleanArchMvc.Infra.Data\CleanArchMvc.Infra.Data.csproj", "{ED5799D5-8556-414E-88A7-B7D38C650AD2}"
EndProject
Project("{9A19103F-16F7-4668-BE54-9A1E7A4F7556}") = "CleanArchMvc.Infra.IoC", "CleanArchMvc.Infra.IoC\CleanArchMvc.Infra.IoC.csproj", "{CA72CB9E-6939-4CE6-842D-CBCE641506C8}"
EndProject
Project("{9A19103F-16F7-4668-BE54-9A1E7A4F7556}") = "CleanArchMvc.WebUI", "CleanArchMvc.WebUI\CleanArchMvc.WebUI.csproj", "{3F901900-2545-4690-ABF5-B8E5F088A951}"
EndProject
Project("{FAE04EC0-301F-11D3-BF4B-00C04F79EFBC}") = "CleanArchMvc.Domain.Tests", "CleanArchMvc.Domain.Tests\CleanArchMvc.Domain.Tests.csproj", "{DC329882-5361-4649-A724-3823F05F34B1}"
EndProject
Global
	GlobalSection(SolutionConfigurationPlatforms) = preSolution
		Debug|Any CPU = Debug|Any CPU
		Release|Any CPU = Release|Any CPU
	EndGlobalSection
	GlobalSection(ProjectConfigurationPlatforms) = postSolution
		{942D34A4-9F91-444F-9152-3D5389435A80}.Debug|Any CPU.ActiveCfg = Debug|Any CPU
		{942D34A4-9F91-444F-9152-3D5389435A80}.Debug|Any CPU.Build.0 = Debug|Any CPU
		{942D34A4-9F91-444F-9152-3D5389435A80}.Release|Any CPU.ActiveCfg = Release|Any CPU
		{942D34A4-9F91-444F-9152-3D5389435A80}.Release|Any CPU.Build.0 = Release|Any CPU
		{214798B1-F182-4449-B9A5-DCE2021A8E92}.Debug|Any CPU.ActiveCfg = Debug|Any CPU
		{214798B1-F182-4449-B9A5-DCE2021A8E92}.Debug|Any CPU.Build.0 = Debug|Any CPU
		{214798B1-F182-4449-B9A5-DCE2021A8E92}.Release|Any CPU.ActiveCfg = Release|Any CPU
		{214798B1-F182-4449-B9A5-DCE2021A8E92}.Release|Any CPU.Build.0 = Release|Any CPU
		{ED5799D5-8556-414E-88A7-B7D38C650AD2}.Debug|Any CPU.ActiveCfg = Debug|Any CPU
		{ED5799D5-8556-414E-88A7-B7D38C650AD2}.Debug|Any CPU.Build.0 = Debug|Any CPU
		{ED5799D5-8556-414E-88A7-B7D38C650AD2}.Release|Any CPU.ActiveCfg = Release|Any CPU
		{ED5799D5-8556-414E-88A7-B7D38C650AD2}.Release|Any CPU.Build.0 = Release|Any CPU
		{CA72CB9E-6939-4CE6-842D-CBCE641506C8}.Debug|Any CPU.ActiveCfg = Debug|Any CPU
		{CA72CB9E-6939-4CE6-842D-CBCE641506C8}.Debug|Any CPU.Build.0 = Debug|Any CPU
		{CA72CB9E-6939-4CE6-842D-CBCE641506C8}.Release|Any CPU.ActiveCfg = Release|Any CPU
		{CA72CB9E-6939-4CE6-842D-CBCE641506C8}.Release|Any CPU.Build.0 = Release|Any CPU
		{3F901900-2545-4690-ABF5-B8E5F088A951}.Debug|Any CPU.ActiveCfg = Debug|Any CPU
		{3F901900-2545-4690-ABF5-B8E5F088A951}.Debug|Any CPU.Build.0 = Debug|Any CPU
		{3F901900-2545-4690-ABF5-B8E5F088A951}.Release|Any CPU.ActiveCfg = Release|Any CPU
		{3F901900-2545-4690-ABF5-B8E5F088A951}.Release|Any CPU.Build.0 = Release|Any CPU
		{DC329882-5361-4649-A724-3823F05F34B1}.Debug|Any CPU.ActiveCfg = Debug|Any CPU
		{DC329882-5361-4649-A724-3823F05F34B1}.Debug|Any CPU.Build.0 = Debug|Any CPU
		{DC329882-5361-4649-A724-3823F05F34B1}.Release|Any CPU.ActiveCfg = Release|Any CPU
		{DC329882-5361-4649-A724-3823F05F34B1}.Release|Any CPU.Build.0 = Release|Any CPU
	EndGlobalSection
	GlobalSection(SolutionProperties) = preSolution
		HideSolutionNode = FALSE
	EndGlobalSection
	GlobalSection(ExtensibilityGlobals) = postSolution
		SolutionGuid = {11F30E43-388B-4DBE-BDC2-23AF0D28EDB2}
	EndGlobalSection
EndGlobal
